
Microsoft Visual Studio Solution File, Format Version 10.00
# Visual Studio 2008
Project("{8BC9CEB8-8B4A-11D0-8D11-00A0C91BC942}") = "traceTest", "traceTest.vcproj", "{AA0CC2C9-08E7-419B-A879-E85385B32045}"
EndProject
Project("{8BC9CEB8-8B4A-11D0-8D11-00A0C91BC942}") = "traceworker", "..\traceworker\traceworker.vcproj", "{6A5407AF-C776-45B4-860B-7D45DB9E4208}"
EndProject
Global
	GlobalSection(SolutionConfigurationPlatforms) = preSolution
		Debug|Win32 = Debug|Win32
		Release|Win32 = Release|Win32
	EndGlobalSection
	GlobalSection(ProjectConfigurationPlatforms) = postSolution
		{AA0CC2C9-08E7-419B-A879-E85385B32045}.Debug|Win32.ActiveCfg = Debug|Win32
		{AA0CC2C9-08E7-419B-A879-E85385B32045}.Debug|Win32.Build.0 = Debug|Win32
		{AA0CC2C9-08E7-419B-A879-E85385B32045}.Release|Win32.ActiveCfg = Release|Win32
		{AA0CC2C9-08E7-419B-A879-E85385B32045}.Release|Win32.Build.0 = Release|Win32
		{6A5407AF-C776-45B4-860B-7D45DB9E4208}.Debug|Win32.ActiveCfg = Debug|Win32
		{6A5407AF-C776-45B4-860B-7D45DB9E4208}.Debug|Win32.Build.0 = Debug|Win32
		{6A5407AF-C776-45B4-860B-7D45DB9E4208}.Release|Win32.ActiveCfg = Release|Win32
		{6A5407AF-C776-45B4-860B-7D45DB9E4208}.Release|Win32.Build.0 = Release|Win32
	EndGlobalSection
	GlobalSection(SolutionProperties) = preSolution
		HideSolutionNode = FALSE
	EndGlobalSection
EndGlobal
